
Microsoft Visual Studio Solution File, Format Version 12.00
# Visual Studio Version 17
VisualStudioVersion = 17.13.35825.156 d17.13
MinimumVisualStudioVersion = 10.0.40219.1
Project("{FAE04EC0-301F-11D3-BF4B-00C04F79EFBC}") = "FinalTask", "FinalTask\FinalTask.csproj", "{0E9F1BD1-01B7-4961-8847-B1577A60D768}"
EndProject
Global
	GlobalSection(SolutionConfigurationPlatforms) = preSolution
		Debug|Any CPU = Debug|Any CPU
		Release|Any CPU = Release|Any CPU
	EndGlobalSection
	GlobalSection(ProjectConfigurationPlatforms) = postSolution
		{0E9F1BD1-01B7-4961-8847-B1577A60D768}.Debug|Any CPU.ActiveCfg = Debug|Any CPU
		{0E9F1BD1-01B7-4961-8847-B1577A60D768}.Debug|Any CPU.Build.0 = Debug|Any CPU
		{0E9F1BD1-01B7-4961-8847-B1577A60D768}.Release|Any CPU.ActiveCfg = Release|Any CPU
		{0E9F1BD1-01B7-4961-8847-B1577A60D768}.Release|Any CPU.Build.0 = Release|Any CPU
	EndGlobalSection
	GlobalSection(SolutionProperties) = preSolution
		HideSolutionNode = FALSE
	EndGlobalSection
	GlobalSection(ExtensibilityGlobals) = postSolution
		SolutionGuid = {7DA5A8A1-FFA5-4F4F-82CD-41A0B7B7F6E4}
	EndGlobalSection
EndGlobal
